
Microsoft Visual Studio Solution File, Format Version 12.00
# Visual Studio 15
VisualStudioVersion = 15.0.28307.757
MinimumVisualStudioVersion = 10.0.40219.1
Project("{FAE04EC0-301F-11D3-BF4B-00C04F79EFBC}") = "ElvUI Updater", "ElvUI Updater\ElvUI Updater.csproj", "{F55A1C55-6EAD-470C-A952-9658F945FB1B}"
EndProject
Global
	GlobalSection(SolutionConfigurationPlatforms) = preSolution
		Debug|Any CPU = Debug|Any CPU
		Release|Any CPU = Release|Any CPU
	EndGlobalSection
	GlobalSection(ProjectConfigurationPlatforms) = postSolution
		{F55A1C55-6EAD-470C-A952-9658F945FB1B}.Debug|Any CPU.ActiveCfg = Debug|Any CPU
		{F55A1C55-6EAD-470C-A952-9658F945FB1B}.Debug|Any CPU.Build.0 = Debug|Any CPU
		{F55A1C55-6EAD-470C-A952-9658F945FB1B}.Release|Any CPU.ActiveCfg = Release|Any CPU
		{F55A1C55-6EAD-470C-A952-9658F945FB1B}.Release|Any CPU.Build.0 = Release|Any CPU
	EndGlobalSection
	GlobalSection(SolutionProperties) = preSolution
		HideSolutionNode = FALSE
	EndGlobalSection
	GlobalSection(ExtensibilityGlobals) = postSolution
		SolutionGuid = {7172461B-A451-4410-9B4F-B216E4F26C73}
	EndGlobalSection
EndGlobal
